{
  "name": "demo",
  "version": "1.0.0",
  "lockfileVersion": 3,
  "requires": true,
  "packages": {
    "": {
      "name": "demo",
      "version": "1.0.0",
      "license": "ISC",
      "devDependencies": {
        "@types/k6": "^1.5.0",
        "k6": "^0.0.0"
      }
    },
    "node_modules/@types/k6": {
      "version": "1.6.0",
      "resolved": "https://registry.npmjs.org/@types/k6/-/k6-1.6.0.tgz",
      "integrity": "sha512-koixvaHqP241ymqEEgl068kkXek+LhM5YTjysI1ikKUAnmbIKbt8Lngw3nhMHmg3Cihh7viUP/WCIF+FKi4DYQ==",
      "dev": true,
      "license": "MIT"
    },
    "node_modules/k6": {
      "version": "0.0.0",
      "resolved": "https://registry.npmjs.org/k6/-/k6-0.0.0.tgz",
      "integrity": "sha512-GAQSWayS2+LjbH5bkRi+pMPYyP1JSp7o+4j58ANZ762N/RH/SdlAT3CHHztnn8s/xgg8kYNM24Gd2IPo9b5W+g==",
      "dev": true,
      "license": "AGPL-3.0"
    }
  }
}
